
Microsoft Visual Studio Solution File, Format Version 12.00
# Visual Studio 15
VisualStudioVersion = 15.0.26228.4
MinimumVisualStudioVersion = 10.0.40219.1
Project("{FAE04EC0-301F-11D3-BF4B-00C04F79EFBC}") = "EarlySummer.Application", "EarlySummer.Application\EarlySummer.Application.csproj", "{FD7C2842-F729-4E50-A52E-666FFF08A883}"
EndProject
Project("{FAE04EC0-301F-11D3-BF4B-00C04F79EFBC}") = "EarlySummer.BusinessModules", "EarlySummer.BusinessModules\EarlySummer.BusinessModules.csproj", "{9F769309-3802-484F-9B91-87C5029ADBE2}"
EndProject
Project("{FAE04EC0-301F-11D3-BF4B-00C04F79EFBC}") = "EarlySummer.Platform", "EarlySummer.Platform\EarlySummer.Platform.csproj", "{740A3A88-D96A-4E53-9D2F-718F10022C80}"
EndProject
Project("{FAE04EC0-301F-11D3-BF4B-00C04F79EFBC}") = "EarlySummer.BusinessModules.DataAccess", "EarlySummer.BusinessModules.DataAccess\EarlySummer.BusinessModules.DataAccess.csproj", "{A28CBB04-1909-40A6-9AA1-8DFA50E7E5FF}"
EndProject
Global
	GlobalSection(SolutionConfigurationPlatforms) = preSolution
		Debug|Any CPU = Debug|Any CPU
		Debug|ARM = Debug|ARM
		Debug|x64 = Debug|x64
		Debug|x86 = Debug|x86
		Release|Any CPU = Release|Any CPU
		Release|ARM = Release|ARM
		Release|x64 = Release|x64
		Release|x86 = Release|x86
	EndGlobalSection
	GlobalSection(ProjectConfigurationPlatforms) = postSolution
		{FD7C2842-F729-4E50-A52E-666FFF08A883}.Debug|Any CPU.ActiveCfg = Debug|Any CPU
		{FD7C2842-F729-4E50-A52E-666FFF08A883}.Debug|Any CPU.Build.0 = Debug|Any CPU
		{FD7C2842-F729-4E50-A52E-666FFF08A883}.Debug|ARM.ActiveCfg = Debug|Any CPU
		{FD7C2842-F729-4E50-A52E-666FFF08A883}.Debug|ARM.Build.0 = Debug|Any CPU
		{FD7C2842-F729-4E50-A52E-666FFF08A883}.Debug|x64.ActiveCfg = Debug|Any CPU
		{FD7C2842-F729-4E50-A52E-666FFF08A883}.Debug|x64.Build.0 = Debug|Any CPU
		{FD7C2842-F729-4E50-A52E-666FFF08A883}.Debug|x86.ActiveCfg = Debug|Any CPU
		{FD7C2842-F729-4E50-A52E-666FFF08A883}.Debug|x86.Build.0 = Debug|Any CPU
		{FD7C2842-F729-4E50-A52E-666FFF08A883}.Release|Any CPU.ActiveCfg = Release|Any CPU
		{FD7C2842-F729-4E50-A52E-666FFF08A883}.Release|Any CPU.Build.0 = Release|Any CPU
		{FD7C2842-F729-4E50-A52E-666FFF08A883}.Release|ARM.ActiveCfg = Release|Any CPU
		{FD7C2842-F729-4E50-A52E-666FFF08A883}.Release|ARM.Build.0 = Release|Any CPU
		{FD7C2842-F729-4E50-A52E-666FFF08A883}.Release|x64.ActiveCfg = Release|Any CPU
		{FD7C2842-F729-4E50-A52E-666FFF08A883}.Release|x64.Build.0 = Release|Any CPU
		{FD7C2842-F729-4E50-A52E-666FFF08A883}.Release|x86.ActiveCfg = Release|Any CPU
		{FD7C2842-F729-4E50-A52E-666FFF08A883}.Release|x86.Build.0 = Release|Any CPU
		{9F769309-3802-484F-9B91-87C5029ADBE2}.Debug|Any CPU.ActiveCfg = Debug|Any CPU
		{9F769309-3802-484F-9B91-87C5029ADBE2}.Debug|Any CPU.Build.0 = Debug|Any CPU
		{9F769309-3802-484F-9B91-87C5029ADBE2}.Debug|ARM.ActiveCfg = Debug|Any CPU
		{9F769309-3802-484F-9B91-87C5029ADBE2}.Debug|ARM.Build.0 = Debug|Any CPU
		{9F769309-3802-484F-9B91-87C5029ADBE2}.Debug|x64.ActiveCfg = Debug|Any CPU
		{9F769309-3802-484F-9B91-87C5029ADBE2}.Debug|x64.Build.0 = Debug|Any CPU
		{9F769309-3802-484F-9B91-87C5029ADBE2}.Debug|x86.ActiveCfg = Debug|Any CPU
		{9F769309-3802-484F-9B91-87C5029ADBE2}.Debug|x86.Build.0 = Debug|Any CPU
		{9F769309-3802-484F-9B91-87C5029ADBE2}.Release|Any CPU.ActiveCfg = Release|Any CPU
		{9F769309-3802-484F-9B91-87C5029ADBE2}.Release|Any CPU.Build.0 = Release|Any CPU
		{9F769309-3802-484F-9B91-87C5029ADBE2}.Release|ARM.ActiveCfg = Release|Any CPU
		{9F769309-3802-484F-9B91-87C5029ADBE2}.Release|ARM.Build.0 = Release|Any CPU
		{9F769309-3802-484F-9B91-87C5029ADBE2}.Release|x64.ActiveCfg = Release|Any CPU
		{9F769309-3802-484F-9B91-87C5029ADBE2}.Release|x64.Build.0 = Release|Any CPU
		{9F769309-3802-484F-9B91-87C5029ADBE2}.Release|x86.ActiveCfg = Release|Any CPU
		{9F769309-3802-484F-9B91-87C5029ADBE2}.Release|x86.Build.0 = Release|Any CPU
		{740A3A88-D96A-4E53-9D2F-718F10022C80}.Debug|Any CPU.ActiveCfg = Debug|Any CPU
		{740A3A88-D96A-4E53-9D2F-718F10022C80}.Debug|Any CPU.Build.0 = Debug|Any CPU
		{740A3A88-D96A-4E53-9D2F-718F10022C80}.Debug|ARM.ActiveCfg = Debug|Any CPU
		{740A3A88-D96A-4E53-9D2F-718F10022C80}.Debug|ARM.Build.0 = Debug|Any CPU
		{740A3A88-D96A-4E53-9D2F-718F10022C80}.Debug|x64.ActiveCfg = Debug|Any CPU
		{740A3A88-D96A-4E53-9D2F-718F10022C80}.Debug|x64.Build.0 = Debug|Any CPU
		{740A3A88-D96A-4E53-9D2F-718F10022C80}.Debug|x86.ActiveCfg = Debug|Any CPU
		{740A3A88-D96A-4E53-9D2F-718F10022C80}.Debug|x86.Build.0 = Debug|Any CPU
		{740A3A88-D96A-4E53-9D2F-718F10022C80}.Release|Any CPU.ActiveCfg = Release|Any CPU
		{740A3A88-D96A-4E53-9D2F-718F10022C80}.Release|Any CPU.Build.0 = Release|Any CPU
		{740A3A88-D96A-4E53-9D2F-718F10022C80}.Release|ARM.ActiveCfg = Release|Any CPU
		{740A3A88-D96A-4E53-9D2F-718F10022C80}.Release|ARM.Build.0 = Release|Any CPU
		{740A3A88-D96A-4E53-9D2F-718F10022C80}.Release|x64.ActiveCfg = Release|Any CPU
		{740A3A88-D96A-4E53-9D2F-718F10022C80}.Release|x64.Build.0 = Release|Any CPU
		{740A3A88-D96A-4E53-9D2F-718F10022C80}.Release|x86.ActiveCfg = Release|Any CPU
		{740A3A88-D96A-4E53-9D2F-718F10022C80}.Release|x86.Build.0 = Release|Any CPU
		{A28CBB04-1909-40A6-9AA1-8DFA50E7E5FF}.Debug|Any CPU.ActiveCfg = Debug|Any CPU
		{A28CBB04-1909-40A6-9AA1-8DFA50E7E5FF}.Debug|Any CPU.Build.0 = Debug|Any CPU
		{A28CBB04-1909-40A6-9AA1-8DFA50E7E5FF}.Debug|ARM.ActiveCfg = Debug|Any CPU
		{A28CBB04-1909-40A6-9AA1-8DFA50E7E5FF}.Debug|ARM.Build.0 = Debug|Any CPU
		{A28CBB04-1909-40A6-9AA1-8DFA50E7E5FF}.Debug|x64.ActiveCfg = Debug|Any CPU
		{A28CBB04-1909-40A6-9AA1-8DFA50E7E5FF}.Debug|x64.Build.0 = Debug|Any CPU
		{A28CBB04-1909-40A6-9AA1-8DFA50E7E5FF}.Debug|x86.ActiveCfg = Debug|Any CPU
		{A28CBB04-1909-40A6-9AA1-8DFA50E7E5FF}.Debug|x86.Build.0 = Debug|Any CPU
		{A28CBB04-1909-40A6-9AA1-8DFA50E7E5FF}.Release|Any CPU.ActiveCfg = Release|Any CPU
		{A28CBB04-1909-40A6-9AA1-8DFA50E7E5FF}.Release|Any CPU.Build.0 = Release|Any CPU
		{A28CBB04-1909-40A6-9AA1-8DFA50E7E5FF}.Release|ARM.ActiveCfg = Release|Any CPU
		{A28CBB04-1909-40A6-9AA1-8DFA50E7E5FF}.Release|ARM.Build.0 = Release|Any CPU
		{A28CBB04-1909-40A6-9AA1-8DFA50E7E5FF}.Release|x64.ActiveCfg = Release|Any CPU
		{A28CBB04-1909-40A6-9AA1-8DFA50E7E5FF}.Release|x64.Build.0 = Release|Any CPU
		{A28CBB04-1909-40A6-9AA1-8DFA50E7E5FF}.Release|x86.ActiveCfg = Release|Any CPU
		{A28CBB04-1909-40A6-9AA1-8DFA50E7E5FF}.Release|x86.Build.0 = Release|Any CPU
	EndGlobalSection
	GlobalSection(SolutionProperties) = preSolution
		HideSolutionNode = FALSE
	EndGlobalSection
EndGlobal
